
Microsoft Visual Studio Solution File, Format Version 12.00
# Visual Studio Version 17
VisualStudioVersion = 17.8.34330.188
MinimumVisualStudioVersion = 10.0.40219.1
Project("{FAE04EC0-301F-11D3-BF4B-00C04F79EFBC}") = "Homework_6", "Homework_6.csproj", "{0E25CEA0-29FE-4EE6-B68B-EC84E3B2C8A7}"
EndProject
Global
	GlobalSection(SolutionConfigurationPlatforms) = preSolution
		Debug|Any CPU = Debug|Any CPU
		Release|Any CPU = Release|Any CPU
	EndGlobalSection
	GlobalSection(ProjectConfigurationPlatforms) = postSolution
		{0E25CEA0-29FE-4EE6-B68B-EC84E3B2C8A7}.Debug|Any CPU.ActiveCfg = Debug|Any CPU
		{0E25CEA0-29FE-4EE6-B68B-EC84E3B2C8A7}.Debug|Any CPU.Build.0 = Debug|Any CPU
		{0E25CEA0-29FE-4EE6-B68B-EC84E3B2C8A7}.Release|Any CPU.ActiveCfg = Release|Any CPU
		{0E25CEA0-29FE-4EE6-B68B-EC84E3B2C8A7}.Release|Any CPU.Build.0 = Release|Any CPU
	EndGlobalSection
	GlobalSection(SolutionProperties) = preSolution
		HideSolutionNode = FALSE
	EndGlobalSection
	GlobalSection(ExtensibilityGlobals) = postSolution
		SolutionGuid = {4EDBB6F9-B7FB-4ABD-ACD8-946C3209F43E}
	EndGlobalSection
EndGlobal
